Microsoft Visual Studio Solution File, Format Version 12.00
# Visual Studio Version 17
VisualStudioVersion = 17.5.2.0
MinimumVisualStudioVersion = 10.0.40219.1
Project("{FAE04EC0-301F-11D3-BF4B-00C04F79EFBC}") = "ClassVibes_Tpintegrador", "ClassVibes_Tpintegrador.csproj", "{E0801A41-8C76-7B65-A6AC-30AC1A92D10C}"
EndProject
Global
	GlobalSection(SolutionConfigurationPlatforms) = preSolution
		Debug|Any CPU = Debug|Any CPU
		Release|Any CPU = Release|Any CPU
	EndGlobalSection
	GlobalSection(ProjectConfigurationPlatforms) = postSolution
		{E0801A41-8C76-7B65-A6AC-30AC1A92D10C}.Debug|Any CPU.ActiveCfg = Debug|Any CPU
		{E0801A41-8C76-7B65-A6AC-30AC1A92D10C}.Debug|Any CPU.Build.0 = Debug|Any CPU
		{E0801A41-8C76-7B65-A6AC-30AC1A92D10C}.Release|Any CPU.ActiveCfg = Release|Any CPU
		{E0801A41-8C76-7B65-A6AC-30AC1A92D10C}.Release|Any CPU.Build.0 = Release|Any CPU
	EndGlobalSection
	GlobalSection(SolutionProperties) = preSolution
		HideSolutionNode = FALSE
	EndGlobalSection
	GlobalSection(ExtensibilityGlobals) = postSolution
		SolutionGuid = {52BDC68E-0A9A-4CC9-BF5C-AD89DCEA04BE}
	EndGlobalSection
EndGlobal
